// !$*UTF8*$!
{
	archiveVersion = 1;
	classes = {
	};
	objectVersion = 46;
	objects = {

/* Begin PBXBuildFile section */
		BCC8F76219F550CC0025036D /* Cocoa.framework in Frameworks */ = {isa = PBXBuildFile; fileRef = BCC8F76119F550CC0025036D /* Cocoa.framework */; };
		BCC8F76419F550CC0025036D /* AppleScriptObjC.framework in Frameworks */ = {isa = PBXBuildFile; fileRef = BCC8F76319F550CC0025036D /* AppleScriptObjC.framework */; };
		BCC8F76E19F550CC0025036D /* InfoPlist.strings in Resources */ = {isa = PBXBuildFile; fileRef = BCC8F76C19F550CC0025036D /* InfoPlist.strings */; };
		BCC8F77019F550CC0025036D /* main.m in Sources */ = {isa = PBXBuildFile; fileRef = BCC8F76F19F550CC0025036D /* main.m */; };
		BCC8F77419F550CC0025036D /* Credits.rtf in Resources */ = {isa = PBXBuildFile; fileRef = BCC8F77219F550CC0025036D /* Credits.rtf */; };
		BCC8F77619F550CC0025036D /* AppDelegate.applescript in Sources */ = {isa = PBXBuildFile; fileRef = BCC8F77519F550CC0025036D /* AppDelegate.applescript */; };
		BCC8F77919F550CC0025036D /* MainMenu.xib in Resources */ = {isa = PBXBuildFile; fileRef = BCC8F77719F550CC0025036D /* MainMenu.xib */; };
		BCC8F78019F57EAE0025036D /* Evermor-Design-Galaxian-Mac.icns in Resources */ = {isa = PBXBuildFile; fileRef = BCC8F77F19F57EAE0025036D /* Evermor-Design-Galaxian-Mac.icns */; };
/* End PBXBuildFile section */

/* Begin PBXFileReference section */
		BCC8F75E19F550CC0025036D /* Partners Profile Migration Tool.app */ = {isa = PBXFileReference; explicitFileType = wrapper.application; includeInIndex = 0; path = "Partners Profile Migration Tool.app"; sourceTree = BUILT_PRODUCTS_DIR; };
		BCC8F76119F550CC0025036D /* Cocoa.framework */ = {isa = PBXFileReference; lastKnownFileType = wrapper.framework; name = Cocoa.framework; path = System/Library/Frameworks/Cocoa.framework; sourceTree = SDKROOT; };
		BCC8F76319F550CC0025036D /* AppleScriptObjC.framework */ = {isa = PBXFileReference; lastKnownFileType = wrapper.framework; name = AppleScriptObjC.framework; path = System/Library/Frameworks/AppleScriptObjC.framework; sourceTree = SDKROOT; };
		BCC8F76619F550CC0025036D /* AppKit.framework */ = {isa = PBXFileReference; lastKnownFileType = wrapper.framework; name = AppKit.framework; path = System/Library/Frameworks/AppKit.framework; sourceTree = SDKROOT; };
		BCC8F76719F550CC0025036D /* CoreData.framework */ = {isa = PBXFileReference; lastKnownFileType = wrapper.framework; name = CoreData.framework; path = System/Library/Frameworks/CoreData.framework; sourceTree = SDKROOT; };
		BCC8F76819F550CC0025036D /* Foundation.framework */ = {isa = PBXFileReference; lastKnownFileType = wrapper.framework; name = Foundation.framework; path = System/Library/Frameworks/Foundation.framework; sourceTree = SDKROOT; };
		BCC8F76B19F550CC0025036D /* Partners Profile Migration Tool-Info.plist */ = {isa = PBXFileReference; lastKnownFileType = text.plist.xml; path = "Partners Profile Migration Tool-Info.plist"; sourceTree = "<group>"; };
		BCC8F76D19F550CC0025036D /* en */ = {isa = PBXFileReference; lastKnownFileType = text.plist.strings; name = en; path = en.lproj/InfoPlist.strings; sourceTree = "<group>"; };
		BCC8F76F19F550CC0025036D /* main.m */ = {isa = PBXFileReference; lastKnownFileType = sourcecode.c.objc; path = main.m; sourceTree = "<group>"; };
		BCC8F77119F550CC0025036D /* Partners Profile Migration Tool-Prefix.pch */ = {isa = PBXFileReference; lastKnownFileType = sourcecode.c.h; path = "Partners Profile Migration Tool-Prefix.pch"; sourceTree = "<group>"; };
		BCC8F77319F550CC0025036D /* en */ = {isa = PBXFileReference; lastKnownFileType = text.rtf; name = en; path = en.lproj/Credits.rtf; sourceTree = "<group>"; };
		BCC8F77519F550CC0025036D /* AppDelegate.applescript */ = {isa = PBXFileReference; lastKnownFileType = sourcecode.applescript; path = AppDelegate.applescript; sourceTree = "<group>"; };
		BCC8F77819F550CC0025036D /* en */ = {isa = PBXFileReference; lastKnownFileType = file.xib; name = en; path = en.lproj/MainMenu.xib; sourceTree = "<group>"; };
		BCC8F77F19F57EAE0025036D /* Evermor-Design-Galaxian-Mac.icns */ = {isa = PBXFileReference; lastKnownFileType = image.icns; path = "Evermor-Design-Galaxian-Mac.icns"; sourceTree = "<group>"; };
/* End PBXFileReference section */

/* Begin PBXFrameworksBuildPhase section */
		BCC8F75B19F550CC0025036D /* Frameworks */ = {
			isa = PBXFrameworksBuildPhase;
			buildActionMask = 2147483647;
			files = (
				BCC8F76219F550CC0025036D /* Cocoa.framework in Frameworks */,
				BCC8F76419F550CC0025036D /* AppleScriptObjC.framework in Frameworks */,
			);
			runOnlyForDeploymentPostprocessing = 0;
		};
/* End PBXFrameworksBuildPhase section */

/* Begin PBXGroup section */
		BCC8F75519F550CC0025036D = {
			isa = PBXGroup;
			children = (
				BCC8F77F19F57EAE0025036D /* Evermor-Design-Galaxian-Mac.icns */,
				BCC8F76919F550CC0025036D /* Partners Profile Migration Tool */,
				BCC8F76019F550CC0025036D /* Frameworks */,
				BCC8F75F19F550CC0025036D /* Products */,
			);
			sourceTree = "<group>";
		};
		BCC8F75F19F550CC0025036D /* Products */ = {
			isa = PBXGroup;
			children = (
				BCC8F75E19F550CC0025036D /* Partners Profile Migration Tool.app */,
			);
			name = Products;
			sourceTree = "<group>";
		};
		BCC8F76019F550CC0025036D /* Frameworks */ = {
			isa = PBXGroup;
			children = (
				BCC8F76119F550CC0025036D /* Cocoa.framework */,
				BCC8F76319F550CC0025036D /* AppleScriptObjC.framework */,
				BCC8F76519F550CC0025036D /* Other Frameworks */,
			);
			name = Frameworks;
			sourceTree = "<group>";
		};
		BCC8F76519F550CC0025036D /* Other Frameworks */ = {
			isa = PBXGroup;
			children = (
				BCC8F76619F550CC0025036D /* AppKit.framework */,
				BCC8F76719F550CC0025036D /* CoreData.framework */,
				BCC8F76819F550CC0025036D /* Foundation.framework */,
			);
			name = "Other Frameworks";
			sourceTree = "<group>";
		};
		BCC8F76919F550CC0025036D /* Partners Profile Migration Tool */ = {
			isa = PBXGroup;
			children = (
				BCC8F77519F550CC0025036D /* AppDelegate.applescript */,
				BCC8F77719F550CC0025036D /* MainMenu.xib */,
				BCC8F76A19F550CC0025036D /* Supporting Files */,
			);
			path = "Partners Profile Migration Tool";
			sourceTree = "<group>";
		};
		BCC8F76A19F550CC0025036D /* Supporting Files */ = {
			isa = PBXGroup;
			children = (
				BCC8F76B19F550CC0025036D /* Partners Profile Migration Tool-Info.plist */,
				BCC8F76C19F550CC0025036D /* InfoPlist.strings */,
				BCC8F76F19F550CC0025036D /* main.m */,
				BCC8F77119F550CC0025036D /* Partners Profile Migration Tool-Prefix.pch */,
				BCC8F77219F550CC0025036D /* Credits.rtf */,
			);
			name = "Supporting Files";
			sourceTree = "<group>";
		};
/* End PBXGroup section */

/* Begin PBXNativeTarget section */
		BCC8F75D19F550CC0025036D /* Partners Profile Migration Tool */ = {
			isa = PBXNativeTarget;
			buildConfigurationList = BCC8F77C19F550CC0025036D /* Build configuration list for PBXNativeTarget "Partners Profile Migration Tool" */;
			buildPhases = (
				BCC8F75A19F550CC0025036D /* Sources */,
				BCC8F75B19F550CC0025036D /* Frameworks */,
				BCC8F75C19F550CC0025036D /* Resources */,
			);
			buildRules = (
			);
			dependencies = (
			);
			name = "Partners Profile Migration Tool";
			productName = "Partners Profile Migration Tool";
			productReference = BCC8F75E19F550CC0025036D /* Partners Profile Migration Tool.app */;
			productType = "com.apple.product-type.application";
		};
/* End PBXNativeTarget section */

/* Begin PBXProject section */
		BCC8F75619F550CC0025036D /* Project object */ = {
			isa = PBXProject;
			attributes = {
				LastUpgradeCheck = 0460;
				ORGANIZATIONNAME = Partners;
			};
			buildConfigurationList = BCC8F75919F550CC0025036D /* Build configuration list for PBXProject "Partners Profile Migration Tool" */;
			compatibilityVersion = "Xcode 3.2";
			developmentRegion = English;
			hasScannedForEncodings = 0;
			knownRegions = (
				en,
			);
			mainGroup = BCC8F75519F550CC0025036D;
			productRefGroup = BCC8F75F19F550CC0025036D /* Products */;
			projectDirPath = "";
			projectRoot = "";
			targets = (
				BCC8F75D19F550CC0025036D /* Partners Profile Migration Tool */,
			);
		};
/* End PBXProject section */

/* Begin PBXResourcesBuildPhase section */
		BCC8F75C19F550CC0025036D /* Resources */ = {
			isa = PBXResourcesBuildPhase;
			buildActionMask = 2147483647;
			files = (
				BCC8F76E19F550CC0025036D /* InfoPlist.strings in Resources */,
				BCC8F77419F550CC0025036D /* Credits.rtf in Resources */,
				BCC8F77919F550CC0025036D /* MainMenu.xib in Resources */,
				BCC8F78019F57EAE0025036D /* Evermor-Design-Galaxian-Mac.icns in Resources */,
			);
			runOnlyForDeploymentPostprocessing = 0;
		};
/* End PBXResourcesBuildPhase section */

/* Begin PBXSourcesBuildPhase section */
		BCC8F75A19F550CC0025036D /* Sources */ = {
			isa = PBXSourcesBuildPhase;
			buildActionMask = 2147483647;
			files = (
				BCC8F77019F550CC0025036D /* main.m in Sources */,
				BCC8F77619F550CC0025036D /* AppDelegate.applescript in Sources */,
			);
			runOnlyForDeploymentPostprocessing = 0;
		};
/* End PBXSourcesBuildPhase section */

/* Begin PBXVariantGroup section */
		BCC8F76C19F550CC0025036D /* InfoPlist.strings */ = {
			isa = PBXVariantGroup;
			children = (
				BCC8F76D19F550CC0025036D /* en */,
			);
			name = InfoPlist.strings;
			sourceTree = "<group>";
		};
		BCC8F77219F550CC0025036D /* Credits.rtf */ = {
			isa = PBXVariantGroup;
			children = (
				BCC8F77319F550CC0025036D /* en */,
			);
			name = Credits.rtf;
			sourceTree = "<group>";
		};
		BCC8F77719F550CC0025036D /* MainMenu.xib */ = {
			isa = PBXVariantGroup;
			children = (
				BCC8F77819F550CC0025036D /* en */,
			);
			name = MainMenu.xib;
			sourceTree = "<group>";
		};
/* End PBXVariantGroup section */

/* Begin XCBuildConfiguration section */
		BCC8F77A19F550CC0025036D /* Debug */ = {
			isa = XCBuildConfiguration;
			buildSettings = {
				ALWAYS_SEARCH_USER_PATHS = NO;
				ARCHS = "$(ARCHS_STANDARD_64_BIT)";
				CLANG_CXX_LANGUAGE_STANDARD = "gnu++0x";
				CLANG_CXX_LIBRARY = "libc++";
				CLANG_WARN_CONSTANT_CONVERSION = YES;
				CLANG_WARN_EMPTY_BODY = YES;
				CLANG_WARN_ENUM_CONVERSION = YES;
				CLANG_WARN_INT_CONVERSION = YES;
				CLANG_WARN__DUPLICATE_METHOD_MATCH = YES;
				COPY_PHASE_STRIP = NO;
				GCC_C_LANGUAGE_STANDARD = gnu99;
				GCC_DYNAMIC_NO_PIC = NO;
				GCC_ENABLE_OBJC_EXCEPTIONS = YES;
				GCC_OPTIMIZATION_LEVEL = 0;
				GCC_PREPROCESSOR_DEFINITIONS = (
					"DEBUG=1",
					"$(inherited)",
				);
				GCC_SYMBOLS_PRIVATE_EXTERN = NO;
				GCC_WARN_64_TO_32_BIT_CONVERSION = YES;
				GCC_WARN_ABOUT_RETURN_TYPE = YES;
				GCC_WARN_UNINITIALIZED_AUTOS = YES;
				GCC_WARN_UNUSED_VARIABLE = YES;
				MACOSX_DEPLOYMENT_TARGET = 10.7;
				ONLY_ACTIVE_ARCH = YES;
				SDKROOT = macosx;
			};
			name = Debug;
		};
		BCC8F77B19F550CC0025036D /* Release */ = {
			isa = XCBuildConfiguration;
			buildSettings = {
				ALWAYS_SEARCH_USER_PATHS = NO;
				ARCHS = "$(ARCHS_STANDARD_64_BIT)";
				CLANG_CXX_LANGUAGE_STANDARD = "gnu++0x";
				CLANG_CXX_LIBRARY = "libc++";
				CLANG_WARN_CONSTANT_CONVERSION = YES;
				CLANG_WARN_EMPTY_BODY = YES;
				CLANG_WARN_ENUM_CONVERSION = YES;
				CLANG_WARN_INT_CONVERSION = YES;
				CLANG_WARN__DUPLICATE_METHOD_MATCH = YES;
				COPY_PHASE_STRIP = YES;
				DEBUG_INFORMATION_FORMAT = "dwarf-with-dsym";
				GCC_C_LANGUAGE_STANDARD = gnu99;
				GCC_ENABLE_OBJC_EXCEPTIONS = YES;
				GCC_WARN_64_TO_32_BIT_CONVERSION = YES;
				GCC_WARN_ABOUT_RETURN_TYPE = YES;
				GCC_WARN_UNINITIALIZED_AUTOS = YES;
				GCC_WARN_UNUSED_VARIABLE = YES;
				MACOSX_DEPLOYMENT_TARGET = 10.7;
				SDKROOT = macosx;
			};
			name = Release;
		};
		BCC8F77D19F550CC0025036D /* Debug */ = {
			isa = XCBuildConfiguration;
			buildSettings = {
				COMBINE_HIDPI_IMAGES = YES;
				GCC_PRECOMPILE_PREFIX_HEADER = YES;
				GCC_PREFIX_HEADER = "Partners Profile Migration Tool/Partners Profile Migration Tool-Prefix.pch";
				INFOPLIST_FILE = "Partners Profile Migration Tool/Partners Profile Migration Tool-Info.plist";
				PRODUCT_NAME = "$(TARGET_NAME)";
				WRAPPER_EXTENSION = app;
			};
			name = Debug;
		};
		BCC8F77E19F550CC0025036D /* Release */ = {
			isa = XCBuildConfiguration;
			buildSettings = {
				COMBINE_HIDPI_IMAGES = YES;
				GCC_PRECOMPILE_PREFIX_HEADER = YES;
				GCC_PREFIX_HEADER = "Partners Profile Migration Tool/Partners Profile Migration Tool-Prefix.pch";
				INFOPLIST_FILE = "Partners Profile Migration Tool/Partners Profile Migration Tool-Info.plist";
				PRODUCT_NAME = "$(TARGET_NAME)";
				WRAPPER_EXTENSION = app;
			};
			name = Release;
		};
/* End XCBuildConfiguration section */

/* Begin XCConfigurationList section */
		BCC8F75919F550CC0025036D /* Build configuration list for PBXProject "Partners Profile Migration Tool" */ = {
			isa = XCConfigurationList;
			buildConfigurations = (
				BCC8F77A19F550CC0025036D /* Debug */,
				BCC8F77B19F550CC0025036D /* Release */,
			);
			defaultConfigurationIsVisible = 0;
			defaultConfigurationName = Release;
		};
		BCC8F77C19F550CC0025036D /* Build configuration list for PBXNativeTarget "Partners Profile Migration Tool" */ = {
			isa = XCConfigurationList;
			buildConfigurations = (
				BCC8F77D19F550CC0025036D /* Debug */,
				BCC8F77E19F550CC0025036D /* Release */,
			);
			defaultConfigurationIsVisible = 0;
		};
/* End XCConfigurationList section */
	};
	rootObject = BCC8F75619F550CC0025036D /* Project object */;
}
